
Microsoft Visual Studio Solution File, Format Version 12.00
# Visual Studio Version 17
VisualStudioVersion = 17.9.34902.65
MinimumVisualStudioVersion = 10.0.40219.1
Project("{FAE04EC0-301F-11D3-BF4B-00C04F79EFBC}") = "SklepKomputerowy", "SklepKomputerowy\SklepKomputerowy.csproj", "{30812CA1-B85A-4C02-A784-48C1DE6ED875}"
EndProject
Global
	GlobalSection(SolutionConfigurationPlatforms) = preSolution
		Debug|Any CPU = Debug|Any CPU
		Release|Any CPU = Release|Any CPU
	EndGlobalSection
	GlobalSection(ProjectConfigurationPlatforms) = postSolution
		{30812CA1-B85A-4C02-A784-48C1DE6ED875}.Debug|Any CPU.ActiveCfg = Debug|Any CPU
		{30812CA1-B85A-4C02-A784-48C1DE6ED875}.Debug|Any CPU.Build.0 = Debug|Any CPU
		{30812CA1-B85A-4C02-A784-48C1DE6ED875}.Release|Any CPU.ActiveCfg = Release|Any CPU
		{30812CA1-B85A-4C02-A784-48C1DE6ED875}.Release|Any CPU.Build.0 = Release|Any CPU
	EndGlobalSection
	GlobalSection(SolutionProperties) = preSolution
		HideSolutionNode = FALSE
	EndGlobalSection
	GlobalSection(ExtensibilityGlobals) = postSolution
		SolutionGuid = {CC4EB0D1-E4D7-448A-AE25-79F6C8437124}
	EndGlobalSection
EndGlobal
